// !$*UTF8*$!
{
	archiveVersion = 1;
	classes = {
	};
	objectVersion = 56;
	objects = {

/* Begin PBXBuildFile section */
		EC40877A2A072C1B0035DCA6 /* SecondAppApp.swift in Sources */ = {isa = PBXBuildFile; fileRef = EC4087792A072C1B0035DCA6 /* SecondAppApp.swift */; };
		EC40877C2A072C1B0035DCA6 /* FoodView.swift in Sources */ = {isa = PBXBuildFile; fileRef = EC40877B2A072C1B0035DCA6 /* FoodView.swift */; };
		EC40877E2A072C1C0035DCA6 /* Assets.xcassets in Resources */ = {isa = PBXBuildFile; fileRef = EC40877D2A072C1C0035DCA6 /* Assets.xcassets */; };
		EC4087812A072C1C0035DCA6 /* Preview Assets.xcassets in Resources */ = {isa = PBXBuildFile; fileRef = EC4087802A072C1C0035DCA6 /* Preview Assets.xcassets */; };
		EC4087882A07360F0035DCA6 /* Launch Screen.storyboard in Resources */ = {isa = PBXBuildFile; fileRef = EC4087872A07360F0035DCA6 /* Launch Screen.storyboard */; };
		EC40878E2A07421C0035DCA6 /* BeijingView.swift in Sources */ = {isa = PBXBuildFile; fileRef = EC40878D2A07421C0035DCA6 /* BeijingView.swift */; };
		EC4087902A0742280035DCA6 /* HutongView.swift in Sources */ = {isa = PBXBuildFile; fileRef = EC40878F2A0742280035DCA6 /* HutongView.swift */; };
		EC4087922A0742340035DCA6 /* SettingsView.swift in Sources */ = {isa = PBXBuildFile; fileRef = EC4087912A0742340035DCA6 /* SettingsView.swift */; };
		EC4087942A0742510035DCA6 /* AppView.swift in Sources */ = {isa = PBXBuildFile; fileRef = EC4087932A0742510035DCA6 /* AppView.swift */; };
		EC4087962A0790920035DCA6 /* HeaderView.swift in Sources */ = {isa = PBXBuildFile; fileRef = EC4087952A0790920035DCA6 /* HeaderView.swift */; };
/* End PBXBuildFile section */

/* Begin PBXFileReference section */
		EC4087762A072C1B0035DCA6 /* SecondApp.app */ = {isa = PBXFileReference; explicitFileType = wrapper.application; includeInIndex = 0; path = SecondApp.app; sourceTree = BUILT_PRODUCTS_DIR; };
		EC4087792A072C1B0035DCA6 /* SecondAppApp.swift */ = {isa = PBXFileReference; lastKnownFileType = sourcecode.swift; path = SecondAppApp.swift; sourceTree = "<group>"; };
		EC40877B2A072C1B0035DCA6 /* FoodView.swift */ = {isa = PBXFileReference; lastKnownFileType = sourcecode.swift; path = FoodView.swift; sourceTree = "<group>"; };
		EC40877D2A072C1C0035DCA6 /* Assets.xcassets */ = {isa = PBXFileReference; lastKnownFileType = folder.assetcatalog; path = Assets.xcassets; sourceTree = "<group>"; };
		EC4087802A072C1C0035DCA6 /* Preview Assets.xcassets */ = {isa = PBXFileReference; lastKnownFileType = folder.assetcatalog; path = "Preview Assets.xcassets"; sourceTree = "<group>"; };
		EC4087872A07360F0035DCA6 /* Launch Screen.storyboard */ = {isa = PBXFileReference; lastKnownFileType = file.storyboard; path = "Launch Screen.storyboard"; sourceTree = "<group>"; };
		EC40878D2A07421C0035DCA6 /* BeijingView.swift */ = {isa = PBXFileReference; lastKnownFileType = sourcecode.swift; path = BeijingView.swift; sourceTree = "<group>"; };
		EC40878F2A0742280035DCA6 /* HutongView.swift */ = {isa = PBXFileReference; lastKnownFileType = sourcecode.swift; path = HutongView.swift; sourceTree = "<group>"; };
		EC4087912A0742340035DCA6 /* SettingsView.swift */ = {isa = PBXFileReference; lastKnownFileType = sourcecode.swift; path = SettingsView.swift; sourceTree = "<group>"; };
		EC4087932A0742510035DCA6 /* AppView.swift */ = {isa = PBXFileReference; lastKnownFileType = sourcecode.swift; path = AppView.swift; sourceTree = "<group>"; };
		EC4087952A0790920035DCA6 /* HeaderView.swift */ = {isa = PBXFileReference; lastKnownFileType = sourcecode.swift; path = HeaderView.swift; sourceTree = "<group>"; };
/* End PBXFileReference section */

/* Begin PBXFrameworksBuildPhase section */
		EC4087732A072C1B0035DCA6 /* Frameworks */ = {
			isa = PBXFrameworksBuildPhase;
			buildActionMask = 2147483647;
			files = (
			);
			runOnlyForDeploymentPostprocessing = 0;
		};
/* End PBXFrameworksBuildPhase section */

/* Begin PBXGroup section */
		EC40876D2A072C1B0035DCA6 = {
			isa = PBXGroup;
			children = (
				EC4087782A072C1B0035DCA6 /* SecondApp */,
				EC4087772A072C1B0035DCA6 /* Products */,
			);
			sourceTree = "<group>";
		};
		EC4087772A072C1B0035DCA6 /* Products */ = {
			isa = PBXGroup;
			children = (
				EC4087762A072C1B0035DCA6 /* SecondApp.app */,
			);
			name = Products;
			sourceTree = "<group>";
		};
		EC4087782A072C1B0035DCA6 /* SecondApp */ = {
			isa = PBXGroup;
			children = (
				EC40878C2A07413B0035DCA6 /* App */,
				EC40878B2A07412E0035DCA6 /* View */,
				EC40877D2A072C1C0035DCA6 /* Assets.xcassets */,
				EC40877F2A072C1C0035DCA6 /* Preview Content */,
				EC4087872A07360F0035DCA6 /* Launch Screen.storyboard */,
				EC40878A2A0741180035DCA6 /* Model */,
				EC4087892A07410E0035DCA6 /* Data */,
			);
			path = SecondApp;
			sourceTree = "<group>";
		};
		EC40877F2A072C1C0035DCA6 /* Preview Content */ = {
			isa = PBXGroup;
			children = (
				EC4087802A072C1C0035DCA6 /* Preview Assets.xcassets */,
			);
			path = "Preview Content";
			sourceTree = "<group>";
		};
		EC4087892A07410E0035DCA6 /* Data */ = {
			isa = PBXGroup;
			children = (
			);
			path = Data;
			sourceTree = "<group>";
		};
		EC40878A2A0741180035DCA6 /* Model */ = {
			isa = PBXGroup;
			children = (
			);
			path = Model;
			sourceTree = "<group>";
		};
		EC40878B2A07412E0035DCA6 /* View */ = {
			isa = PBXGroup;
			children = (
				EC4087952A0790920035DCA6 /* HeaderView.swift */,
			);
			path = View;
			sourceTree = "<group>";
		};
		EC40878C2A07413B0035DCA6 /* App */ = {
			isa = PBXGroup;
			children = (
				EC4087792A072C1B0035DCA6 /* SecondAppApp.swift */,
				EC40877B2A072C1B0035DCA6 /* FoodView.swift */,
				EC40878D2A07421C0035DCA6 /* BeijingView.swift */,
				EC40878F2A0742280035DCA6 /* HutongView.swift */,
				EC4087912A0742340035DCA6 /* SettingsView.swift */,
				EC4087932A0742510035DCA6 /* AppView.swift */,
			);
			path = App;
			sourceTree = "<group>";
		};
/* End PBXGroup section */

/* Begin PBXNativeTarget section */
		EC4087752A072C1B0035DCA6 /* SecondApp */ = {
			isa = PBXNativeTarget;
			buildConfigurationList = EC4087842A072C1C0035DCA6 /* Build configuration list for PBXNativeTarget "SecondApp" */;
			buildPhases = (
				EC4087722A072C1B0035DCA6 /* Sources */,
				EC4087732A072C1B0035DCA6 /* Frameworks */,
				EC4087742A072C1B0035DCA6 /* Resources */,
			);
			buildRules = (
			);
			dependencies = (
			);
			name = SecondApp;
			productName = SecondApp;
			productReference = EC4087762A072C1B0035DCA6 /* SecondApp.app */;
			productType = "com.apple.product-type.application";
		};
/* End PBXNativeTarget section */

/* Begin PBXProject section */
		EC40876E2A072C1B0035DCA6 /* Project object */ = {
			isa = PBXProject;
			attributes = {
				BuildIndependentTargetsInParallel = 1;
				LastSwiftUpdateCheck = 1430;
				LastUpgradeCheck = 1430;
				TargetAttributes = {
					EC4087752A072C1B0035DCA6 = {
						CreatedOnToolsVersion = 14.3;
					};
				};
			};
			buildConfigurationList = EC4087712A072C1B0035DCA6 /* Build configuration list for PBXProject "SecondApp" */;
			compatibilityVersion = "Xcode 14.0";
			developmentRegion = en;
			hasScannedForEncodings = 0;
			knownRegions = (
				en,
				Base,
			);
			mainGroup = EC40876D2A072C1B0035DCA6;
			productRefGroup = EC4087772A072C1B0035DCA6 /* Products */;
			projectDirPath = "";
			projectRoot = "";
			targets = (
				EC4087752A072C1B0035DCA6 /* SecondApp */,
			);
		};
/* End PBXProject section */

/* Begin PBXResourcesBuildPhase section */
		EC4087742A072C1B0035DCA6 /* Resources */ = {
			isa = PBXResourcesBuildPhase;
			buildActionMask = 2147483647;
			files = (
				EC4087882A07360F0035DCA6 /* Launch Screen.storyboard in Resources */,
				EC4087812A072C1C0035DCA6 /* Preview Assets.xcassets in Resources */,
				EC40877E2A072C1C0035DCA6 /* Assets.xcassets in Resources */,
			);
			runOnlyForDeploymentPostprocessing = 0;
		};
/* End PBXResourcesBuildPhase section */

/* Begin PBXSourcesBuildPhase section */
		EC4087722A072C1B0035DCA6 /* Sources */ = {
			isa = PBXSourcesBuildPhase;
			buildActionMask = 2147483647;
			files = (
				EC40878E2A07421C0035DCA6 /* BeijingView.swift in Sources */,
				EC40877C2A072C1B0035DCA6 /* FoodView.swift in Sources */,
				EC4087942A0742510035DCA6 /* AppView.swift in Sources */,
				EC40877A2A072C1B0035DCA6 /* SecondAppApp.swift in Sources */,
				EC4087922A0742340035DCA6 /* SettingsView.swift in Sources */,
				EC4087902A0742280035DCA6 /* HutongView.swift in Sources */,
				EC4087962A0790920035DCA6 /* HeaderView.swift in Sources */,
			);
			runOnlyForDeploymentPostprocessing = 0;
		};
/* End PBXSourcesBuildPhase section */

/* Begin XCBuildConfiguration section */
		EC4087822A072C1C0035DCA6 /* Debug */ = {
			isa = XCBuildConfiguration;
			buildSettings = {
				ALWAYS_SEARCH_USER_PATHS = NO;
				CLANG_ANALYZER_NONNULL = YES;
				CLANG_ANALYZER_NUMBER_OBJECT_CONVERSION = YES_AGGRESSIVE;
				CLANG_CXX_LANGUAGE_STANDARD = "gnu++20";
				CLANG_ENABLE_MODULES = YES;
				CLANG_ENABLE_OBJC_ARC = YES;
				CLANG_ENABLE_OBJC_WEAK = YES;
				CLANG_WARN_BLOCK_CAPTURE_AUTORELEASING = YES;
				CLANG_WARN_BOOL_CONVERSION = YES;
				CLANG_WARN_COMMA = YES;
				CLANG_WARN_CONSTANT_CONVERSION = YES;
				CLANG_WARN_DEPRECATED_OBJC_IMPLEMENTATIONS = YES;
				CLANG_WARN_DIRECT_OBJC_ISA_USAGE = YES_ERROR;
				CLANG_WARN_DOCUMENTATION_COMMENTS = YES;
				CLANG_WARN_EMPTY_BODY = YES;
				CLANG_WARN_ENUM_CONVERSION = YES;
				CLANG_WARN_INFINITE_RECURSION = YES;
				CLANG_WARN_INT_CONVERSION = YES;
				CLANG_WARN_NON_LITERAL_NULL_CONVERSION = YES;
				CLANG_WARN_OBJC_IMPLICIT_RETAIN_SELF = YES;
				CLANG_WARN_OBJC_LITERAL_CONVERSION = YES;
				CLANG_WARN_OBJC_ROOT_CLASS = YES_ERROR;
				CLANG_WARN_QUOTED_INCLUDE_IN_FRAMEWORK_HEADER = YES;
				CLANG_WARN_RANGE_LOOP_ANALYSIS = YES;
				CLANG_WARN_STRICT_PROTOTYPES = YES;
				CLANG_WARN_SUSPICIOUS_MOVE = YES;
				CLANG_WARN_UNGUARDED_AVAILABILITY = YES_AGGRESSIVE;
				CLANG_WARN_UNREACHABLE_CODE = YES;
				CLANG_WARN__DUPLICATE_METHOD_MATCH = YES;
				COPY_PHASE_STRIP = NO;
				DEBUG_INFORMATION_FORMAT = dwarf;
				ENABLE_STRICT_OBJC_MSGSEND = YES;
				ENABLE_TESTABILITY = YES;
				GCC_C_LANGUAGE_STANDARD = gnu11;
				GCC_DYNAMIC_NO_PIC = NO;
				GCC_NO_COMMON_BLOCKS = YES;
				GCC_OPTIMIZATION_LEVEL = 0;
				GCC_PREPROCESSOR_DEFINITIONS = (
					"DEBUG=1",
					"$(inherited)",
				);
				GCC_WARN_64_TO_32_BIT_CONVERSION = YES;
				GCC_WARN_ABOUT_RETURN_TYPE = YES_ERROR;
				GCC_WARN_UNDECLARED_SELECTOR = YES;
				GCC_WARN_UNINITIALIZED_AUTOS = YES_AGGRESSIVE;
				GCC_WARN_UNUSED_FUNCTION = YES;
				GCC_WARN_UNUSED_VARIABLE = YES;
				IPHONEOS_DEPLOYMENT_TARGET = 16.4;
				MTL_ENABLE_DEBUG_INFO = INCLUDE_SOURCE;
				MTL_FAST_MATH = YES;
				ONLY_ACTIVE_ARCH = YES;
				SDKROOT = iphoneos;
				SWIFT_ACTIVE_COMPILATION_CONDITIONS = DEBUG;
				SWIFT_OPTIMIZATION_LEVEL = "-Onone";
			};
			name = Debug;
		};
		EC4087832A072C1C0035DCA6 /* Release */ = {
			isa = XCBuildConfiguration;
			buildSettings = {
				ALWAYS_SEARCH_USER_PATHS = NO;
				CLANG_ANALYZER_NONNULL = YES;
				CLANG_ANALYZER_NUMBER_OBJECT_CONVERSION = YES_AGGRESSIVE;
				CLANG_CXX_LANGUAGE_STANDARD = "gnu++20";
				CLANG_ENABLE_MODULES = YES;
				CLANG_ENABLE_OBJC_ARC = YES;
				CLANG_ENABLE_OBJC_WEAK = YES;
				CLANG_WARN_BLOCK_CAPTURE_AUTORELEASING = YES;
				CLANG_WARN_BOOL_CONVERSION = YES;
				CLANG_WARN_COMMA = YES;
				CLANG_WARN_CONSTANT_CONVERSION = YES;
				CLANG_WARN_DEPRECATED_OBJC_IMPLEMENTATIONS = YES;
				CLANG_WARN_DIRECT_OBJC_ISA_USAGE = YES_ERROR;
				CLANG_WARN_DOCUMENTATION_COMMENTS = YES;
				CLANG_WARN_EMPTY_BODY = YES;
				CLANG_WARN_ENUM_CONVERSION = YES;
				CLANG_WARN_INFINITE_RECURSION = YES;
				CLANG_WARN_INT_CONVERSION = YES;
				CLANG_WARN_NON_LITERAL_NULL_CONVERSION = YES;
				CLANG_WARN_OBJC_IMPLICIT_RETAIN_SELF = YES;
				CLANG_WARN_OBJC_LITERAL_CONVERSION = YES;
				CLANG_WARN_OBJC_ROOT_CLASS = YES_ERROR;
				CLANG_WARN_QUOTED_INCLUDE_IN_FRAMEWORK_HEADER = YES;
				CLANG_WARN_RANGE_LOOP_ANALYSIS = YES;
				CLANG_WARN_STRICT_PROTOTYPES = YES;
				CLANG_WARN_SUSPICIOUS_MOVE = YES;
				CLANG_WARN_UNGUARDED_AVAILABILITY = YES_AGGRESSIVE;
				CLANG_WARN_UNREACHABLE_CODE = YES;
				CLANG_WARN__DUPLICATE_METHOD_MATCH = YES;
				COPY_PHASE_STRIP = NO;
				DEBUG_INFORMATION_FORMAT = "dwarf-with-dsym";
				ENABLE_NS_ASSERTIONS = NO;
				ENABLE_STRICT_OBJC_MSGSEND = YES;
				GCC_C_LANGUAGE_STANDARD = gnu11;
				GCC_NO_COMMON_BLOCKS = YES;
				GCC_WARN_64_TO_32_BIT_CONVERSION = YES;
				GCC_WARN_ABOUT_RETURN_TYPE = YES_ERROR;
				GCC_WARN_UNDECLARED_SELECTOR = YES;
				GCC_WARN_UNINITIALIZED_AUTOS = YES_AGGRESSIVE;
				GCC_WARN_UNUSED_FUNCTION = YES;
				GCC_WARN_UNUSED_VARIABLE = YES;
				IPHONEOS_DEPLOYMENT_TARGET = 16.4;
				MTL_ENABLE_DEBUG_INFO = NO;
				MTL_FAST_MATH = YES;
				SDKROOT = iphoneos;
				SWIFT_COMPILATION_MODE = wholemodule;
				SWIFT_OPTIMIZATION_LEVEL = "-O";
				VALIDATE_PRODUCT = YES;
			};
			name = Release;
		};
		EC4087852A072C1C0035DCA6 /* Debug */ = {
			isa = XCBuildConfiguration;
			buildSettings = {
				ASSETCATALOG_COMPILER_APPICON_NAME = AppIcon;
				ASSETCATALOG_COMPILER_GLOBAL_ACCENT_COLOR_NAME = AccentColor;
				CODE_SIGN_STYLE = Automatic;
				CURRENT_PROJECT_VERSION = 1;
				DEVELOPMENT_ASSET_PATHS = "\"SecondApp/Preview Content\"";
				DEVELOPMENT_TEAM = NP4C4J4AJC;
				ENABLE_PREVIEWS = YES;
				GENERATE_INFOPLIST_FILE = YES;
				INFOPLIST_KEY_CFBundleDisplayName = "这里是北京";
				INFOPLIST_KEY_UIApplicationSceneManifest_Generation = YES;
				INFOPLIST_KEY_UIApplicationSupportsIndirectInputEvents = YES;
				INFOPLIST_KEY_UILaunchScreen_Generation = YES;
				INFOPLIST_KEY_UILaunchStoryboardName = "Launch Screen.storyboard";
				INFOPLIST_KEY_UISupportedInterfaceOrientations = UIInterfaceOrientationPortrait;
				INFOPLIST_KEY_UISupportedInterfaceOrientations_iPad = "UIInterfaceOrientationPortrait UIInterfaceOrientationPortraitUpsideDown";
				LD_RUNPATH_SEARCH_PATHS = (
					"$(inherited)",
					"@executable_path/Frameworks",
				);
				MARKETING_VERSION = 1.0;
				PRODUCT_BUNDLE_IDENTIFIER = cn.zemise.SecondApp;
				PRODUCT_NAME = "$(TARGET_NAME)";
				SWIFT_EMIT_LOC_STRINGS = YES;
				SWIFT_VERSION = 5.0;
				TARGETED_DEVICE_FAMILY = "1,2";
			};
			name = Debug;
		};
		EC4087862A072C1C0035DCA6 /* Release */ = {
			isa = XCBuildConfiguration;
			buildSettings = {
				ASSETCATALOG_COMPILER_APPICON_NAME = AppIcon;
				ASSETCATALOG_COMPILER_GLOBAL_ACCENT_COLOR_NAME = AccentColor;
				CODE_SIGN_STYLE = Automatic;
				CURRENT_PROJECT_VERSION = 1;
				DEVELOPMENT_ASSET_PATHS = "\"SecondApp/Preview Content\"";
				DEVELOPMENT_TEAM = NP4C4J4AJC;
				ENABLE_PREVIEWS = YES;
				GENERATE_INFOPLIST_FILE = YES;
				INFOPLIST_KEY_CFBundleDisplayName = "这里是北京";
				INFOPLIST_KEY_UIApplicationSceneManifest_Generation = YES;
				INFOPLIST_KEY_UIApplicationSupportsIndirectInputEvents = YES;
				INFOPLIST_KEY_UILaunchScreen_Generation = YES;
				INFOPLIST_KEY_UILaunchStoryboardName = "Launch Screen.storyboard";
				INFOPLIST_KEY_UISupportedInterfaceOrientations = UIInterfaceOrientationPortrait;
				INFOPLIST_KEY_UISupportedInterfaceOrientations_iPad = "UIInterfaceOrientationPortrait UIInterfaceOrientationPortraitUpsideDown";
				LD_RUNPATH_SEARCH_PATHS = (
					"$(inherited)",
					"@executable_path/Frameworks",
				);
				MARKETING_VERSION = 1.0;
				PRODUCT_BUNDLE_IDENTIFIER = cn.zemise.SecondApp;
				PRODUCT_NAME = "$(TARGET_NAME)";
				SWIFT_EMIT_LOC_STRINGS = YES;
				SWIFT_VERSION = 5.0;
				TARGETED_DEVICE_FAMILY = "1,2";
			};
			name = Release;
		};
/* End XCBuildConfiguration section */

/* Begin XCConfigurationList section */
		EC4087712A072C1B0035DCA6 /* Build configuration list for PBXProject "SecondApp" */ = {
			isa = XCConfigurationList;
			buildConfigurations = (
				EC4087822A072C1C0035DCA6 /* Debug */,
				EC4087832A072C1C0035DCA6 /* Release */,
			);
			defaultConfigurationIsVisible = 0;
			defaultConfigurationName = Release;
		};
		EC4087842A072C1C0035DCA6 /* Build configuration list for PBXNativeTarget "SecondApp" */ = {
			isa = XCConfigurationList;
			buildConfigurations = (
				EC4087852A072C1C0035DCA6 /* Debug */,
				EC4087862A072C1C0035DCA6 /* Release */,
			);
			defaultConfigurationIsVisible = 0;
			defaultConfigurationName = Release;
		};
/* End XCConfigurationList section */
	};
	rootObject = EC40876E2A072C1B0035DCA6 /* Project object */;
}
